// !$*UTF8*$!
{
	archiveVersion = 1;
	classes = {
	};
	objectVersion = 46;
	objects = {

/* Begin PBXBuildFile section */
		7D440B3B1FE243CF001DC6DE /* logInTextField.swift in Sources */ = {isa = PBXBuildFile; fileRef = 7D440B3A1FE243CF001DC6DE /* logInTextField.swift */; };
		7D4DF92D1FE43665002F681C /* quizView.storyboard in Resources */ = {isa = PBXBuildFile; fileRef = 7D4DF92C1FE43665002F681C /* quizView.storyboard */; };
		7D4DF92F1FE436F8002F681C /* quizViewController.swift in Sources */ = {isa = PBXBuildFile; fileRef = 7D4DF92E1FE436F8002F681C /* quizViewController.swift */; };
		7D51A4A21FDCDA1C00F017E3 /* LaunchScreen.storyboard in Resources */ = {isa = PBXBuildFile; fileRef = 7D51A4A11FDCDA1C00F017E3 /* LaunchScreen.storyboard */; };
		7D62B4CF1FE3C2E5003CCB20 /* studentLogIn.storyboard in Resources */ = {isa = PBXBuildFile; fileRef = 7D62B4CE1FE3C2E5003CCB20 /* studentLogIn.storyboard */; };
		7D62B4D11FE3C3A5003CCB20 /* studentViewController.swift in Sources */ = {isa = PBXBuildFile; fileRef = 7D62B4D01FE3C3A5003CCB20 /* studentViewController.swift */; };
		7D644016202CDEC100393966 /* Main.storyboard in Resources */ = {isa = PBXBuildFile; fileRef = 7D644015202CDEC100393966 /* Main.storyboard */; };
		7D6AE2CE1FE375A700E04D59 /* GoogleService-Info.plist in Resources */ = {isa = PBXBuildFile; fileRef = 7D6AE2CD1FE375A700E04D59 /* GoogleService-Info.plist */; };
		7DE069E91FE31D1C000C534F /* signUp.storyboard in Resources */ = {isa = PBXBuildFile; fileRef = 7DE069E81FE31D1C000C534F /* signUp.storyboard */; };
		7DE069EB1FE32066000C534F /* Assets.xcassets in Resources */ = {isa = PBXBuildFile; fileRef = 7DE069EA1FE32066000C534F /* Assets.xcassets */; };
		7DE069ED1FE32489000C534F /* signUpViewController.swift in Sources */ = {isa = PBXBuildFile; fileRef = 7DE069EC1FE32489000C534F /* signUpViewController.swift */; };
		80110A76222F792500534A57 /* gradeBook.swift in Sources */ = {isa = PBXBuildFile; fileRef = 80110A75222F792500534A57 /* gradeBook.swift */; };
		802727E21FCFD98A002A9A22 /* logInViewController.swift in Sources */ = {isa = PBXBuildFile; fileRef = 802727E11FCFD98A002A9A22 /* logInViewController.swift */; };
		8059C4A91F99303500049FC5 /* ViewController.swift in Sources */ = {isa = PBXBuildFile; fileRef = 8059C4A71F99303500049FC5 /* ViewController.swift */; };
		805DC77B1F585228009FB46F /* AppDelegate.swift in Sources */ = {isa = PBXBuildFile; fileRef = 805DC77A1F585228009FB46F /* AppDelegate.swift */; };
		80757504222911CC008C2757 /* MainInstructorController.swift in Sources */ = {isa = PBXBuildFile; fileRef = 807574FF222911CB008C2757 /* MainInstructorController.swift */; };
		80757505222911CC008C2757 /* Roster.storyboard in Resources */ = {isa = PBXBuildFile; fileRef = 80757500222911CC008C2757 /* Roster.storyboard */; };
		80757506222911CC008C2757 /* rosterController.swift in Sources */ = {isa = PBXBuildFile; fileRef = 80757501222911CC008C2757 /* rosterController.swift */; };
		80757507222911CC008C2757 /* Gradebook.storyboard in Resources */ = {isa = PBXBuildFile; fileRef = 80757502222911CC008C2757 /* Gradebook.storyboard */; };
		80757508222911CC008C2757 /* MainInstructor.storyboard in Resources */ = {isa = PBXBuildFile; fileRef = 80757503222911CC008C2757 /* MainInstructor.storyboard */; };
		8075750A2229121B008C2757 /* logInView.storyboard in Resources */ = {isa = PBXBuildFile; fileRef = 807575092229121B008C2757 /* logInView.storyboard */; };
		807CBA842166E5BA005E695E /* studentInfo.storyboard in Resources */ = {isa = PBXBuildFile; fileRef = 807CBA832166E5BA005E695E /* studentInfo.storyboard */; };
		807CBA8621679B7A005E695E /* newStudent.storyboard in Resources */ = {isa = PBXBuildFile; fileRef = 807CBA8521679B7A005E695E /* newStudent.storyboard */; };
		807CBA8821679BAD005E695E /* newInstructor.storyboard in Resources */ = {isa = PBXBuildFile; fileRef = 807CBA8721679BAD005E695E /* newInstructor.storyboard */; };
		80C0042B2170715B001E53C0 /* newUserController.swift in Sources */ = {isa = PBXBuildFile; fileRef = 80C0042A2170715B001E53C0 /* newUserController.swift */; };
		80FEDFFA2170909D004BF46E /* studentInfoController.swift in Sources */ = {isa = PBXBuildFile; fileRef = 80FEDFF92170909D004BF46E /* studentInfoController.swift */; };
		DF23AB7ECD90A0B7347594DC /* Pods_JSU_Test.framework in Frameworks */ = {isa = PBXBuildFile; fileRef = DCE17B192FF3A6503B0AA83E /* Pods_JSU_Test.framework */; };
/* End PBXBuildFile section */

/* Begin PBXFileReference section */
		4C40F17F764E29042F9D4487 /* Pods-JSU-Test.debug.xcconfig */ = {isa = PBXFileReference; includeInIndex = 1; lastKnownFileType = text.xcconfig; name = "Pods-JSU-Test.debug.xcconfig"; path = "Pods/Target Support Files/Pods-JSU-Test/Pods-JSU-Test.debug.xcconfig"; sourceTree = "<group>"; };
		747FEACEE7DCD06F7C6B7EBA /* Pods-JSU-Test.release.xcconfig */ = {isa = PBXFileReference; includeInIndex = 1; lastKnownFileType = text.xcconfig; name = "Pods-JSU-Test.release.xcconfig"; path = "Pods/Target Support Files/Pods-JSU-Test/Pods-JSU-Test.release.xcconfig"; sourceTree = "<group>"; };
		7D440B3A1FE243CF001DC6DE /* logInTextField.swift */ = {isa = PBXFileReference; fileEncoding = 4; lastKnownFileType = sourcecode.swift; path = logInTextField.swift; sourceTree = "<group>"; };
		7D4DF92C1FE43665002F681C /* quizView.storyboard */ = {isa = PBXFileReference; fileEncoding = 4; lastKnownFileType = file.storyboard; path = quizView.storyboard; sourceTree = "<group>"; };
		7D4DF92E1FE436F8002F681C /* quizViewController.swift */ = {isa = PBXFileReference; fileEncoding = 4; lastKnownFileType = sourcecode.swift; path = quizViewController.swift; sourceTree = "<group>"; };
		7D51A4A11FDCDA1C00F017E3 /* LaunchScreen.storyboard */ = {isa = PBXFileReference; fileEncoding = 4; lastKnownFileType = file.storyboard; path = LaunchScreen.storyboard; sourceTree = "<group>"; };
		7D62B4CE1FE3C2E5003CCB20 /* studentLogIn.storyboard */ = {isa = PBXFileReference; fileEncoding = 4; lastKnownFileType = file.storyboard; path = studentLogIn.storyboard; sourceTree = "<group>"; };
		7D62B4D01FE3C3A5003CCB20 /* studentViewController.swift */ = {isa = PBXFileReference; fileEncoding = 4; lastKnownFileType = sourcecode.swift; path = studentViewController.swift; sourceTree = "<group>"; };
		7D644015202CDEC100393966 /* Main.storyboard */ = {isa = PBXFileReference; fileEncoding = 4; lastKnownFileType = file.storyboard; path = Main.storyboard; sourceTree = "<group>"; };
		7D6AE2CD1FE375A700E04D59 /* GoogleService-Info.plist */ = {isa = PBXFileReference; fileEncoding = 4; lastKnownFileType = text.plist.xml; path = "GoogleService-Info.plist"; sourceTree = "<group>"; };
		7DE069E81FE31D1C000C534F /* signUp.storyboard */ = {isa = PBXFileReference; fileEncoding = 4; lastKnownFileType = file.storyboard; path = signUp.storyboard; sourceTree = "<group>"; };
		7DE069EA1FE32066000C534F /* Assets.xcassets */ = {isa = PBXFileReference; lastKnownFileType = folder.assetcatalog; path = Assets.xcassets; sourceTree = "<group>"; };
		7DE069EC1FE32489000C534F /* signUpViewController.swift */ = {isa = PBXFileReference; fileEncoding = 4; lastKnownFileType = sourcecode.swift; path = signUpViewController.swift; sourceTree = "<group>"; };
		80110A75222F792500534A57 /* gradeBook.swift */ = {isa = PBXFileReference; lastKnownFileType = sourcecode.swift; path = gradeBook.swift; sourceTree = "<group>"; };
		802727E11FCFD98A002A9A22 /* logInViewController.swift */ = {isa = PBXFileReference; fileEncoding = 4; lastKnownFileType = sourcecode.swift; path = logInViewController.swift; sourceTree = "<group>"; };
		8059C4A71F99303500049FC5 /* ViewController.swift */ = {isa = PBXFileReference; fileEncoding = 4; lastKnownFileType = sourcecode.swift; path = ViewController.swift; sourceTree = "<group>"; };
		805DC7771F585228009FB46F /* JSU-Test.app */ = {isa = PBXFileReference; explicitFileType = wrapper.application; includeInIndex = 0; path = "JSU-Test.app"; sourceTree = BUILT_PRODUCTS_DIR; };
		805DC77A1F585228009FB46F /* AppDelegate.swift */ = {isa = PBXFileReference; lastKnownFileType = sourcecode.swift; path = AppDelegate.swift; sourceTree = "<group>"; };
		805DC7861F585228009FB46F /* Info.plist */ = {isa = PBXFileReference; lastKnownFileType = text.plist.xml; path = Info.plist; sourceTree = "<group>"; };
		807574FF222911CB008C2757 /* MainInstructorController.swift */ = {isa = PBXFileReference; fileEncoding = 4; lastKnownFileType = sourcecode.swift; path = MainInstructorController.swift; sourceTree = "<group>"; };
		80757500222911CC008C2757 /* Roster.storyboard */ = {isa = PBXFileReference; fileEncoding = 4; lastKnownFileType = file.storyboard; path = Roster.storyboard; sourceTree = "<group>"; };
		80757501222911CC008C2757 /* rosterController.swift */ = {isa = PBXFileReference; fileEncoding = 4; lastKnownFileType = sourcecode.swift; path = rosterController.swift; sourceTree = "<group>"; };
		80757502222911CC008C2757 /* Gradebook.storyboard */ = {isa = PBXFileReference; fileEncoding = 4; lastKnownFileType = file.storyboard; path = Gradebook.storyboard; sourceTree = "<group>"; };
		80757503222911CC008C2757 /* MainInstructor.storyboard */ = {isa = PBXFileReference; fileEncoding = 4; lastKnownFileType = file.storyboard; path = MainInstructor.storyboard; sourceTree = "<group>"; };
		807575092229121B008C2757 /* logInView.storyboard */ = {isa = PBXFileReference; fileEncoding = 4; lastKnownFileType = file.storyboard; path = logInView.storyboard; sourceTree = "<group>"; };
		807CBA832166E5BA005E695E /* studentInfo.storyboard */ = {isa = PBXFileReference; lastKnownFileType = file.storyboard; path = studentInfo.storyboard; sourceTree = "<group>"; };
		807CBA8521679B7A005E695E /* newStudent.storyboard */ = {isa = PBXFileReference; lastKnownFileType = file.storyboard; path = newStudent.storyboard; sourceTree = "<group>"; };
		807CBA8721679BAD005E695E /* newInstructor.storyboard */ = {isa = PBXFileReference; lastKnownFileType = file.storyboard; path = newInstructor.storyboard; sourceTree = "<group>"; };
		80C0042A2170715B001E53C0 /* newUserController.swift */ = {isa = PBXFileReference; lastKnownFileType = sourcecode.swift; path = newUserController.swift; sourceTree = "<group>"; };
		80FEDFF92170909D004BF46E /* studentInfoController.swift */ = {isa = PBXFileReference; lastKnownFileType = sourcecode.swift; path = studentInfoController.swift; sourceTree = "<group>"; };
		DCE17B192FF3A6503B0AA83E /* Pods_JSU_Test.framework */ = {isa = PBXFileReference; explicitFileType = wrapper.framework; includeInIndex = 0; path = Pods_JSU_Test.framework; sourceTree = BUILT_PRODUCTS_DIR; };
/* End PBXFileReference section */

/* Begin PBXFrameworksBuildPhase section */
		805DC7741F585228009FB46F /* Frameworks */ = {
			isa = PBXFrameworksBuildPhase;
			buildActionMask = 2147483647;
			files = (
				DF23AB7ECD90A0B7347594DC /* Pods_JSU_Test.framework in Frameworks */,
			);
			runOnlyForDeploymentPostprocessing = 0;
		};
/* End PBXFrameworksBuildPhase section */

/* Begin PBXGroup section */
		0AC7E3207C78FEA0E08CE42D /* Pods */ = {
			isa = PBXGroup;
			children = (
				4C40F17F764E29042F9D4487 /* Pods-JSU-Test.debug.xcconfig */,
				747FEACEE7DCD06F7C6B7EBA /* Pods-JSU-Test.release.xcconfig */,
			);
			name = Pods;
			sourceTree = "<group>";
		};
		805DC76E1F585227009FB46F = {
			isa = PBXGroup;
			children = (
				805DC7791F585228009FB46F /* JSU-Test */,
				805DC7781F585228009FB46F /* Products */,
				0AC7E3207C78FEA0E08CE42D /* Pods */,
				AC0C5DD18D8ADDC163F12C5D /* Frameworks */,
			);
			sourceTree = "<group>";
		};
		805DC7781F585228009FB46F /* Products */ = {
			isa = PBXGroup;
			children = (
				805DC7771F585228009FB46F /* JSU-Test.app */,
			);
			name = Products;
			sourceTree = "<group>";
		};
		805DC7791F585228009FB46F /* JSU-Test */ = {
			isa = PBXGroup;
			children = (
				80C0042A2170715B001E53C0 /* newUserController.swift */,
				8059C4A71F99303500049FC5 /* ViewController.swift */,
				80FEDFF92170909D004BF46E /* studentInfoController.swift */,
				7D62B4D01FE3C3A5003CCB20 /* studentViewController.swift */,
				7D440B3A1FE243CF001DC6DE /* logInTextField.swift */,
				802727E11FCFD98A002A9A22 /* logInViewController.swift */,
				7DE069EC1FE32489000C534F /* signUpViewController.swift */,
				7D4DF92E1FE436F8002F681C /* quizViewController.swift */,
				7DE069E81FE31D1C000C534F /* signUp.storyboard */,
				807CBA832166E5BA005E695E /* studentInfo.storyboard */,
				7D62B4CE1FE3C2E5003CCB20 /* studentLogIn.storyboard */,
				7D4DF92C1FE43665002F681C /* quizView.storyboard */,
				80757502222911CC008C2757 /* Gradebook.storyboard */,
				80110A75222F792500534A57 /* gradeBook.swift */,
				80757503222911CC008C2757 /* MainInstructor.storyboard */,
				807574FF222911CB008C2757 /* MainInstructorController.swift */,
				807575092229121B008C2757 /* logInView.storyboard */,
				80757500222911CC008C2757 /* Roster.storyboard */,
				80757501222911CC008C2757 /* rosterController.swift */,
				807CBA8721679BAD005E695E /* newInstructor.storyboard */,
				807CBA8521679B7A005E695E /* newStudent.storyboard */,
				7D644015202CDEC100393966 /* Main.storyboard */,
				7D6AE2CD1FE375A700E04D59 /* GoogleService-Info.plist */,
				80BDA7D41F992E4300BD3560 /* Resources */,
			);
			path = "JSU-Test";
			sourceTree = "<group>";
		};
		80BDA7D41F992E4300BD3560 /* Resources */ = {
			isa = PBXGroup;
			children = (
				805DC77A1F585228009FB46F /* AppDelegate.swift */,
				7DE069EA1FE32066000C534F /* Assets.xcassets */,
				7D51A4A11FDCDA1C00F017E3 /* LaunchScreen.storyboard */,
				805DC7861F585228009FB46F /* Info.plist */,
			);
			name = Resources;
			sourceTree = "<group>";
		};
		AC0C5DD18D8ADDC163F12C5D /* Frameworks */ = {
			isa = PBXGroup;
			children = (
				DCE17B192FF3A6503B0AA83E /* Pods_JSU_Test.framework */,
			);
			name = Frameworks;
			sourceTree = "<group>";
		};
/* End PBXGroup section */

/* Begin PBXNativeTarget section */
		805DC7761F585228009FB46F /* JSU-Test */ = {
			isa = PBXNativeTarget;
			buildConfigurationList = 805DC7891F585228009FB46F /* Build configuration list for PBXNativeTarget "JSU-Test" */;
			buildPhases = (
				418D553AECABC0E61767D5FD /* [CP] Check Pods Manifest.lock */,
				805DC7731F585228009FB46F /* Sources */,
				805DC7741F585228009FB46F /* Frameworks */,
				805DC7751F585228009FB46F /* Resources */,
				50735ABAD3953604A27AF763 /* [CP] Embed Pods Frameworks */,
				2E498087FEBFA674971E21BE /* [CP] Copy Pods Resources */,
			);
			buildRules = (
			);
			dependencies = (
			);
			name = "JSU-Test";
			productName = "JSU-Test";
			productReference = 805DC7771F585228009FB46F /* JSU-Test.app */;
			productType = "com.apple.product-type.application";
		};
/* End PBXNativeTarget section */

/* Begin PBXProject section */
		805DC76F1F585227009FB46F /* Project object */ = {
			isa = PBXProject;
			attributes = {
				LastSwiftUpdateCheck = 0830;
				LastUpgradeCheck = 1010;
				ORGANIZATIONNAME = "Logan Watkins";
				TargetAttributes = {
					805DC7761F585228009FB46F = {
						CreatedOnToolsVersion = 8.3.3;
						DevelopmentTeam = LJ4QFX54GT;
						LastSwiftMigration = 0920;
						ProvisioningStyle = Automatic;
					};
				};
			};
			buildConfigurationList = 805DC7721F585227009FB46F /* Build configuration list for PBXProject "JSU-Test" */;
			compatibilityVersion = "Xcode 3.2";
			developmentRegion = English;
			hasScannedForEncodings = 0;
			knownRegions = (
				en,
				Base,
			);
			mainGroup = 805DC76E1F585227009FB46F;
			productRefGroup = 805DC7781F585228009FB46F /* Products */;
			projectDirPath = "";
			projectRoot = "";
			targets = (
				805DC7761F585228009FB46F /* JSU-Test */,
			);
		};
/* End PBXProject section */

/* Begin PBXResourcesBuildPhase section */
		805DC7751F585228009FB46F /* Resources */ = {
			isa = PBXResourcesBuildPhase;
			buildActionMask = 2147483647;
			files = (
				807CBA8821679BAD005E695E /* newInstructor.storyboard in Resources */,
				80757505222911CC008C2757 /* Roster.storyboard in Resources */,
				7DE069E91FE31D1C000C534F /* signUp.storyboard in Resources */,
				7D62B4CF1FE3C2E5003CCB20 /* studentLogIn.storyboard in Resources */,
				807CBA8621679B7A005E695E /* newStudent.storyboard in Resources */,
				80757507222911CC008C2757 /* Gradebook.storyboard in Resources */,
				7D644016202CDEC100393966 /* Main.storyboard in Resources */,
				7D4DF92D1FE43665002F681C /* quizView.storyboard in Resources */,
				807CBA842166E5BA005E695E /* studentInfo.storyboard in Resources */,
				80757508222911CC008C2757 /* MainInstructor.storyboard in Resources */,
				7DE069EB1FE32066000C534F /* Assets.xcassets in Resources */,
				7D51A4A21FDCDA1C00F017E3 /* LaunchScreen.storyboard in Resources */,
				7D6AE2CE1FE375A700E04D59 /* GoogleService-Info.plist in Resources */,
				8075750A2229121B008C2757 /* logInView.storyboard in Resources */,
			);
			runOnlyForDeploymentPostprocessing = 0;
		};
/* End PBXResourcesBuildPhase section */

/* Begin PBXShellScriptBuildPhase section */
		2E498087FEBFA674971E21BE /* [CP] Copy Pods Resources */ = {
			isa = PBXShellScriptBuildPhase;
			buildActionMask = 2147483647;
			files = (
			);
			inputPaths = (
			);
			name = "[CP] Copy Pods Resources";
			outputPaths = (
			);
			runOnlyForDeploymentPostprocessing = 0;
			shellPath = /bin/sh;
			shellScript = "\"${SRCROOT}/Pods/Target Support Files/Pods-JSU-Test/Pods-JSU-Test-resources.sh\"\n";
			showEnvVarsInLog = 0;
		};
		418D553AECABC0E61767D5FD /* [CP] Check Pods Manifest.lock */ = {
			isa = PBXShellScriptBuildPhase;
			buildActionMask = 2147483647;
			files = (
			);
			inputPaths = (
				"${PODS_PODFILE_DIR_PATH}/Podfile.lock",
				"${PODS_ROOT}/Manifest.lock",
			);
			name = "[CP] Check Pods Manifest.lock";
			outputPaths = (
				"$(DERIVED_FILE_DIR)/Pods-JSU-Test-checkManifestLockResult.txt",
			);
			runOnlyForDeploymentPostprocessing = 0;
			shellPath = /bin/sh;
			shellScript = "diff \"${PODS_PODFILE_DIR_PATH}/Podfile.lock\" \"${PODS_ROOT}/Manifest.lock\" > /dev/null\nif [ $? != 0 ] ; then\n    # print error to STDERR\n    echo \"error: The sandbox is not in sync with the Podfile.lock. Run 'pod install' or update your CocoaPods installation.\" >&2\n    exit 1\nfi\n# This output is used by Xcode 'outputs' to avoid re-running this script phase.\necho \"SUCCESS\" > \"${SCRIPT_OUTPUT_FILE_0}\"\n";
			showEnvVarsInLog = 0;
		};
		50735ABAD3953604A27AF763 /* [CP] Embed Pods Frameworks */ = {
			isa = PBXShellScriptBuildPhase;
			buildActionMask = 2147483647;
			files = (
			);
			inputPaths = (
				"${SRCROOT}/Pods/Target Support Files/Pods-JSU-Test/Pods-JSU-Test-frameworks.sh",
				"${BUILT_PRODUCTS_DIR}/BoringSSL/openssl.framework",
				"${BUILT_PRODUCTS_DIR}/GTMSessionFetcher/GTMSessionFetcher.framework",
				"${BUILT_PRODUCTS_DIR}/GoogleToolboxForMac/GoogleToolboxForMac.framework",
				"${BUILT_PRODUCTS_DIR}/Protobuf/Protobuf.framework",
				"${BUILT_PRODUCTS_DIR}/gRPC/GRPCClient.framework",
				"${BUILT_PRODUCTS_DIR}/gRPC-Core/grpc.framework",
				"${BUILT_PRODUCTS_DIR}/gRPC-ProtoRPC/ProtoRPC.framework",
				"${BUILT_PRODUCTS_DIR}/gRPC-RxLibrary/RxLibrary.framework",
				"${BUILT_PRODUCTS_DIR}/leveldb-library/leveldb.framework",
				"${BUILT_PRODUCTS_DIR}/nanopb/nanopb.framework",
			);
			name = "[CP] Embed Pods Frameworks";
			outputPaths = (
				"${TARGET_BUILD_DIR}/${FRAMEWORKS_FOLDER_PATH}/openssl.framework",
				"${TARGET_BUILD_DIR}/${FRAMEWORKS_FOLDER_PATH}/GTMSessionFetcher.framework",
				"${TARGET_BUILD_DIR}/${FRAMEWORKS_FOLDER_PATH}/GoogleToolboxForMac.framework",
				"${TARGET_BUILD_DIR}/${FRAMEWORKS_FOLDER_PATH}/Protobuf.framework",
				"${TARGET_BUILD_DIR}/${FRAMEWORKS_FOLDER_PATH}/GRPCClient.framework",
				"${TARGET_BUILD_DIR}/${FRAMEWORKS_FOLDER_PATH}/grpc.framework",
				"${TARGET_BUILD_DIR}/${FRAMEWORKS_FOLDER_PATH}/ProtoRPC.framework",
				"${TARGET_BUILD_DIR}/${FRAMEWORKS_FOLDER_PATH}/RxLibrary.framework",
				"${TARGET_BUILD_DIR}/${FRAMEWORKS_FOLDER_PATH}/leveldb.framework",
				"${TARGET_BUILD_DIR}/${FRAMEWORKS_FOLDER_PATH}/nanopb.framework",
			);
			runOnlyForDeploymentPostprocessing = 0;
			shellPath = /bin/sh;
			shellScript = "\"${SRCROOT}/Pods/Target Support Files/Pods-JSU-Test/Pods-JSU-Test-frameworks.sh\"\n";
			showEnvVarsInLog = 0;
		};
/* End PBXShellScriptBuildPhase section */

/* Begin PBXSourcesBuildPhase section */
		805DC7731F585228009FB46F /* Sources */ = {
			isa = PBXSourcesBuildPhase;
			buildActionMask = 2147483647;
			files = (
				80C0042B2170715B001E53C0 /* newUserController.swift in Sources */,
				80FEDFFA2170909D004BF46E /* studentInfoController.swift in Sources */,
				8059C4A91F99303500049FC5 /* ViewController.swift in Sources */,
				80757506222911CC008C2757 /* rosterController.swift in Sources */,
				80110A76222F792500534A57 /* gradeBook.swift in Sources */,
				7D440B3B1FE243CF001DC6DE /* logInTextField.swift in Sources */,
				7DE069ED1FE32489000C534F /* signUpViewController.swift in Sources */,
				7D4DF92F1FE436F8002F681C /* quizViewController.swift in Sources */,
				7D62B4D11FE3C3A5003CCB20 /* studentViewController.swift in Sources */,
				805DC77B1F585228009FB46F /* AppDelegate.swift in Sources */,
				802727E21FCFD98A002A9A22 /* logInViewController.swift in Sources */,
				80757504222911CC008C2757 /* MainInstructorController.swift in Sources */,
			);
			runOnlyForDeploymentPostprocessing = 0;
		};
/* End PBXSourcesBuildPhase section */

/* Begin XCBuildConfiguration section */
		805DC7871F585228009FB46F /* Debug */ = {
			isa = XCBuildConfiguration;
			buildSettings = {
				ALWAYS_SEARCH_USER_PATHS = NO;
				CLANG_ANALYZER_NONNULL = YES;
				CLANG_ANALYZER_NUMBER_OBJECT_CONVERSION = YES_AGGRESSIVE;
				CLANG_CXX_LANGUAGE_STANDARD = "gnu++0x";
				CLANG_CXX_LIBRARY = "libc++";
				CLANG_ENABLE_MODULES = YES;
				CLANG_ENABLE_OBJC_ARC = YES;
				CLANG_WARN_BLOCK_CAPTURE_AUTORELEASING = YES;
				CLANG_WARN_BOOL_CONVERSION = YES;
				CLANG_WARN_COMMA = YES;
				CLANG_WARN_CONSTANT_CONVERSION = YES;
				CLANG_WARN_DEPRECATED_OBJC_IMPLEMENTATIONS = YES;
				CLANG_WARN_DIRECT_OBJC_ISA_USAGE = YES_ERROR;
				CLANG_WARN_DOCUMENTATION_COMMENTS = YES;
				CLANG_WARN_EMPTY_BODY = YES;
				CLANG_WARN_ENUM_CONVERSION = YES;
				CLANG_WARN_INFINITE_RECURSION = YES;
				CLANG_WARN_INT_CONVERSION = YES;
				CLANG_WARN_NON_LITERAL_NULL_CONVERSION = YES;
				CLANG_WARN_OBJC_IMPLICIT_RETAIN_SELF = YES;
				CLANG_WARN_OBJC_LITERAL_CONVERSION = YES;
				CLANG_WARN_OBJC_ROOT_CLASS = YES_ERROR;
				CLANG_WARN_RANGE_LOOP_ANALYSIS = YES;
				CLANG_WARN_STRICT_PROTOTYPES = YES;
				CLANG_WARN_SUSPICIOUS_MOVE = YES;
				CLANG_WARN_UNREACHABLE_CODE = YES;
				CLANG_WARN__DUPLICATE_METHOD_MATCH = YES;
				"CODE_SIGN_IDENTITY[sdk=iphoneos*]" = "iPhone Developer";
				COPY_PHASE_STRIP = NO;
				DEBUG_INFORMATION_FORMAT = dwarf;
				ENABLE_STRICT_OBJC_MSGSEND = YES;
				ENABLE_TESTABILITY = YES;
				GCC_C_LANGUAGE_STANDARD = gnu99;
				GCC_DYNAMIC_NO_PIC = NO;
				GCC_NO_COMMON_BLOCKS = YES;
				GCC_OPTIMIZATION_LEVEL = 0;
				GCC_PREPROCESSOR_DEFINITIONS = (
					"DEBUG=1",
					"$(inherited)",
				);
				GCC_WARN_64_TO_32_BIT_CONVERSION = YES;
				GCC_WARN_ABOUT_RETURN_TYPE = YES_ERROR;
				GCC_WARN_UNDECLARED_SELECTOR = YES;
				GCC_WARN_UNINITIALIZED_AUTOS = YES_AGGRESSIVE;
				GCC_WARN_UNUSED_FUNCTION = YES;
				GCC_WARN_UNUSED_VARIABLE = YES;
				IPHONEOS_DEPLOYMENT_TARGET = 11.0;
				MTL_ENABLE_DEBUG_INFO = YES;
				ONLY_ACTIVE_ARCH = YES;
				SDKROOT = iphoneos;
				SWIFT_ACTIVE_COMPILATION_CONDITIONS = DEBUG;
				SWIFT_OPTIMIZATION_LEVEL = "-Onone";
				TARGETED_DEVICE_FAMILY = "1,2";
			};
			name = Debug;
		};
		805DC7881F585228009FB46F /* Release */ = {
			isa = XCBuildConfiguration;
			buildSettings = {
				ALWAYS_SEARCH_USER_PATHS = NO;
				CLANG_ANALYZER_NONNULL = YES;
				CLANG_ANALYZER_NUMBER_OBJECT_CONVERSION = YES_AGGRESSIVE;
				CLANG_CXX_LANGUAGE_STANDARD = "gnu++0x";
				CLANG_CXX_LIBRARY = "libc++";
				CLANG_ENABLE_MODULES = YES;
				CLANG_ENABLE_OBJC_ARC = YES;
				CLANG_WARN_BLOCK_CAPTURE_AUTORELEASING = YES;
				CLANG_WARN_BOOL_CONVERSION = YES;
				CLANG_WARN_COMMA = YES;
				CLANG_WARN_CONSTANT_CONVERSION = YES;
				CLANG_WARN_DEPRECATED_OBJC_IMPLEMENTATIONS = YES;
				CLANG_WARN_DIRECT_OBJC_ISA_USAGE = YES_ERROR;
				CLANG_WARN_DOCUMENTATION_COMMENTS = YES;
				CLANG_WARN_EMPTY_BODY = YES;
				CLANG_WARN_ENUM_CONVERSION = YES;
				CLANG_WARN_INFINITE_RECURSION = YES;
				CLANG_WARN_INT_CONVERSION = YES;
				CLANG_WARN_NON_LITERAL_NULL_CONVERSION = YES;
				CLANG_WARN_OBJC_IMPLICIT_RETAIN_SELF = YES;
				CLANG_WARN_OBJC_LITERAL_CONVERSION = YES;
				CLANG_WARN_OBJC_ROOT_CLASS = YES_ERROR;
				CLANG_WARN_RANGE_LOOP_ANALYSIS = YES;
				CLANG_WARN_STRICT_PROTOTYPES = YES;
				CLANG_WARN_SUSPICIOUS_MOVE = YES;
				CLANG_WARN_UNREACHABLE_CODE = YES;
				CLANG_WARN__DUPLICATE_METHOD_MATCH = YES;
				"CODE_SIGN_IDENTITY[sdk=iphoneos*]" = "iPhone Developer";
				COPY_PHASE_STRIP = NO;
				DEBUG_INFORMATION_FORMAT = "dwarf-with-dsym";
				ENABLE_NS_ASSERTIONS = NO;
				ENABLE_STRICT_OBJC_MSGSEND = YES;
				GCC_C_LANGUAGE_STANDARD = gnu99;
				GCC_NO_COMMON_BLOCKS = YES;
				GCC_WARN_64_TO_32_BIT_CONVERSION = YES;
				GCC_WARN_ABOUT_RETURN_TYPE = YES_ERROR;
				GCC_WARN_UNDECLARED_SELECTOR = YES;
				GCC_WARN_UNINITIALIZED_AUTOS = YES_AGGRESSIVE;
				GCC_WARN_UNUSED_FUNCTION = YES;
				GCC_WARN_UNUSED_VARIABLE = YES;
				IPHONEOS_DEPLOYMENT_TARGET = 11.0;
				MTL_ENABLE_DEBUG_INFO = NO;
				SDKROOT = iphoneos;
				SWIFT_OPTIMIZATION_LEVEL = "-Owholemodule";
				TARGETED_DEVICE_FAMILY = "1,2";
				VALIDATE_PRODUCT = YES;
			};
			name = Release;
		};
		805DC78A1F585228009FB46F /* Debug */ = {
			isa = XCBuildConfiguration;
			baseConfigurationReference = 4C40F17F764E29042F9D4487 /* Pods-JSU-Test.debug.xcconfig */;
			buildSettings = {
				ASSETCATALOG_COMPILER_APPICON_NAME = AppIcon;
				"CODE_SIGN_IDENTITY[sdk=iphoneos*]" = "iPhone Developer";
				DEVELOPMENT_TEAM = LJ4QFX54GT;
				INFOPLIST_FILE = "JSU-Test/Info.plist";
				IPHONEOS_DEPLOYMENT_TARGET = 9.2;
				LD_RUNPATH_SEARCH_PATHS = "$(inherited) @executable_path/Frameworks";
				PRODUCT_BUNDLE_IDENTIFIER = "UDL-Test";
				PRODUCT_NAME = "$(TARGET_NAME)";
				SWIFT_SWIFT3_OBJC_INFERENCE = On;
				SWIFT_VERSION = 4.0;
				TARGETED_DEVICE_FAMILY = "1,2";
			};
			name = Debug;
		};
		805DC78B1F585228009FB46F /* Release */ = {
			isa = XCBuildConfiguration;
			baseConfigurationReference = 747FEACEE7DCD06F7C6B7EBA /* Pods-JSU-Test.release.xcconfig */;
			buildSettings = {
				ASSETCATALOG_COMPILER_APPICON_NAME = AppIcon;
				"CODE_SIGN_IDENTITY[sdk=iphoneos*]" = "iPhone Developer";
				DEVELOPMENT_TEAM = LJ4QFX54GT;
				INFOPLIST_FILE = "JSU-Test/Info.plist";
				IPHONEOS_DEPLOYMENT_TARGET = 9.2;
				LD_RUNPATH_SEARCH_PATHS = "$(inherited) @executable_path/Frameworks";
				PRODUCT_BUNDLE_IDENTIFIER = "UDL-Test";
				PRODUCT_NAME = "$(TARGET_NAME)";
				SWIFT_SWIFT3_OBJC_INFERENCE = On;
				SWIFT_VERSION = 4.0;
				TARGETED_DEVICE_FAMILY = "1,2";
			};
			name = Release;
		};
/* End XCBuildConfiguration section */

/* Begin XCConfigurationList section */
		805DC7721F585227009FB46F /* Build configuration list for PBXProject "JSU-Test" */ = {
			isa = XCConfigurationList;
			buildConfigurations = (
				805DC7871F585228009FB46F /* Debug */,
				805DC7881F585228009FB46F /* Release */,
			);
			defaultConfigurationIsVisible = 0;
			defaultConfigurationName = Release;
		};
		805DC7891F585228009FB46F /* Build configuration list for PBXNativeTarget "JSU-Test" */ = {
			isa = XCConfigurationList;
			buildConfigurations = (
				805DC78A1F585228009FB46F /* Debug */,
				805DC78B1F585228009FB46F /* Release */,
			);
			defaultConfigurationIsVisible = 0;
			defaultConfigurationName = Release;
		};
/* End XCConfigurationList section */
	};
	rootObject = 805DC76F1F585227009FB46F /* Project object */;
}
